
Microsoft Visual Studio Solution File, Format Version 12.00
# Visual Studio Version 17
VisualStudioVersion = 17.9.34701.34
MinimumVisualStudioVersion = 10.0.40219.1
Project("{FAE04EC0-301F-11D3-BF4B-00C04F79EFBC}") = "RestaurantManagementSystem", "RestaurantManagementSystem\RestaurantManagementSystem.csproj", "{B6EE9B4E-442E-4EC5-81CF-A3F296541E72}"
EndProject
Global
	GlobalSection(SolutionConfigurationPlatforms) = preSolution
		Debug|Any CPU = Debug|Any CPU
		Release|Any CPU = Release|Any CPU
	EndGlobalSection
	GlobalSection(ProjectConfigurationPlatforms) = postSolution
		{B6EE9B4E-442E-4EC5-81CF-A3F296541E72}.Debug|Any CPU.ActiveCfg = Debug|Any CPU
		{B6EE9B4E-442E-4EC5-81CF-A3F296541E72}.Debug|Any CPU.Build.0 = Debug|Any CPU
		{B6EE9B4E-442E-4EC5-81CF-A3F296541E72}.Release|Any CPU.ActiveCfg = Release|Any CPU
		{B6EE9B4E-442E-4EC5-81CF-A3F296541E72}.Release|Any CPU.Build.0 = Release|Any CPU
	EndGlobalSection
	GlobalSection(SolutionProperties) = preSolution
		HideSolutionNode = FALSE
	EndGlobalSection
	GlobalSection(ExtensibilityGlobals) = postSolution
		SolutionGuid = {C3149D11-E444-4F8B-809E-0E28F06F3D78}
	EndGlobalSection
EndGlobal
